// !$*UTF8*$!
{
	archiveVersion = 1;
	classes = {
	};
	objectVersion = 56;
	objects = {

/* Begin PBXBuildFile section */
		D4874FFF2ACE133700B7A737 /* AppDelegate.swift in Sources */ = {isa = PBXBuildFile; fileRef = D4874FFE2ACE133700B7A737 /* AppDelegate.swift */; };
		D48750012ACE133700B7A737 /* SceneDelegate.swift in Sources */ = {isa = PBXBuildFile; fileRef = D48750002ACE133700B7A737 /* SceneDelegate.swift */; };
		D48750032ACE133700B7A737 /* HomeVC.swift in Sources */ = {isa = PBXBuildFile; fileRef = D48750022ACE133700B7A737 /* HomeVC.swift */; };
		D48750062ACE133700B7A737 /* Main.storyboard in Resources */ = {isa = PBXBuildFile; fileRef = D48750042ACE133700B7A737 /* Main.storyboard */; };
		D48750082ACE133800B7A737 /* Assets.xcassets in Resources */ = {isa = PBXBuildFile; fileRef = D48750072ACE133800B7A737 /* Assets.xcassets */; };
		D487500B2ACE133800B7A737 /* LaunchScreen.storyboard in Resources */ = {isa = PBXBuildFile; fileRef = D48750092ACE133800B7A737 /* LaunchScreen.storyboard */; };
		D487501B2ACE155E00B7A737 /* StudentCell.swift in Sources */ = {isa = PBXBuildFile; fileRef = D487501A2ACE155E00B7A737 /* StudentCell.swift */; };
		D487501D2ACE1AC000B7A737 /* Students.swift in Sources */ = {isa = PBXBuildFile; fileRef = D487501C2ACE1AC000B7A737 /* Students.swift */; };
		D487501F2ACE1B4000B7A737 /* StudentsRepository.swift in Sources */ = {isa = PBXBuildFile; fileRef = D487501E2ACE1B4000B7A737 /* StudentsRepository.swift */; };
		D48750222ACE1B7A00B7A737 /* RxBlocking in Frameworks */ = {isa = PBXBuildFile; productRef = D48750212ACE1B7A00B7A737 /* RxBlocking */; };
		D48750242ACE1B7A00B7A737 /* RxBlocking-Dynamic in Frameworks */ = {isa = PBXBuildFile; productRef = D48750232ACE1B7A00B7A737 /* RxBlocking-Dynamic */; };
		D48750262ACE1B7A00B7A737 /* RxCocoa in Frameworks */ = {isa = PBXBuildFile; productRef = D48750252ACE1B7A00B7A737 /* RxCocoa */; };
		D48750282ACE1B7A00B7A737 /* RxCocoa-Dynamic in Frameworks */ = {isa = PBXBuildFile; productRef = D48750272ACE1B7A00B7A737 /* RxCocoa-Dynamic */; };
		D487502A2ACE1B7A00B7A737 /* RxRelay in Frameworks */ = {isa = PBXBuildFile; productRef = D48750292ACE1B7A00B7A737 /* RxRelay */; };
		D487502C2ACE215400B7A737 /* RecordingVC.swift in Sources */ = {isa = PBXBuildFile; fileRef = D487502B2ACE215400B7A737 /* RecordingVC.swift */; };
		D487502E2ACE215F00B7A737 /* DetailsVC.swift in Sources */ = {isa = PBXBuildFile; fileRef = D487502D2ACE215F00B7A737 /* DetailsVC.swift */; };
		D48750302ACE253B00B7A737 /* HomeVCViewModel.swift in Sources */ = {isa = PBXBuildFile; fileRef = D487502F2ACE253B00B7A737 /* HomeVCViewModel.swift */; };
		D48750322ACE254B00B7A737 /* RecordingVCViewModel.swift in Sources */ = {isa = PBXBuildFile; fileRef = D48750312ACE254B00B7A737 /* RecordingVCViewModel.swift */; };
		D48750342ACE255800B7A737 /* DetailsVCViewModel.swift in Sources */ = {isa = PBXBuildFile; fileRef = D48750332ACE255800B7A737 /* DetailsVCViewModel.swift */; };
		D48750432ACE316000B7A737 /* FMDatabaseAdditions.m in Sources */ = {isa = PBXBuildFile; fileRef = D487503A2ACE316000B7A737 /* FMDatabaseAdditions.m */; };
		D48750442ACE316000B7A737 /* FMDatabaseQueue.m in Sources */ = {isa = PBXBuildFile; fileRef = D487503B2ACE316000B7A737 /* FMDatabaseQueue.m */; };
		D48750452ACE316000B7A737 /* FMDatabasePool.m in Sources */ = {isa = PBXBuildFile; fileRef = D487503E2ACE316000B7A737 /* FMDatabasePool.m */; };
		D48750462ACE316000B7A737 /* FMResultSet.m in Sources */ = {isa = PBXBuildFile; fileRef = D48750412ACE316000B7A737 /* FMResultSet.m */; };
		D48750472ACE316000B7A737 /* FMDatabase.m in Sources */ = {isa = PBXBuildFile; fileRef = D48750422ACE316000B7A737 /* FMDatabase.m */; };
		D48750492ACE31BC00B7A737 /* TechCareer_7_Odev.sqlite in Resources */ = {isa = PBXBuildFile; fileRef = D48750482ACE31BC00B7A737 /* TechCareer_7_Odev.sqlite */; };
		D487504F2ACED02F00B7A737 /* deneme3.sqlite in Resources */ = {isa = PBXBuildFile; fileRef = D487504E2ACED02F00B7A737 /* deneme3.sqlite */; };
/* End PBXBuildFile section */

/* Begin PBXFileReference section */
		D4874FFB2ACE133700B7A737 /* TechCareer_7_Odev_OgrenciNotlari.app */ = {isa = PBXFileReference; explicitFileType = wrapper.application; includeInIndex = 0; path = TechCareer_7_Odev_OgrenciNotlari.app; sourceTree = BUILT_PRODUCTS_DIR; };
		D4874FFE2ACE133700B7A737 /* AppDelegate.swift */ = {isa = PBXFileReference; lastKnownFileType = sourcecode.swift; path = AppDelegate.swift; sourceTree = "<group>"; };
		D48750002ACE133700B7A737 /* SceneDelegate.swift */ = {isa = PBXFileReference; lastKnownFileType = sourcecode.swift; path = SceneDelegate.swift; sourceTree = "<group>"; };
		D48750022ACE133700B7A737 /* HomeVC.swift */ = {isa = PBXFileReference; lastKnownFileType = sourcecode.swift; path = HomeVC.swift; sourceTree = "<group>"; };
		D48750052ACE133700B7A737 /* Base */ = {isa = PBXFileReference; lastKnownFileType = file.storyboard; name = Base; path = Base.lproj/Main.storyboard; sourceTree = "<group>"; };
		D48750072ACE133800B7A737 /* Assets.xcassets */ = {isa = PBXFileReference; lastKnownFileType = folder.assetcatalog; path = Assets.xcassets; sourceTree = "<group>"; };
		D487500A2ACE133800B7A737 /* Base */ = {isa = PBXFileReference; lastKnownFileType = file.storyboard; name = Base; path = Base.lproj/LaunchScreen.storyboard; sourceTree = "<group>"; };
		D487500C2ACE133800B7A737 /* Info.plist */ = {isa = PBXFileReference; lastKnownFileType = text.plist.xml; path = Info.plist; sourceTree = "<group>"; };
		D487501A2ACE155E00B7A737 /* StudentCell.swift */ = {isa = PBXFileReference; lastKnownFileType = sourcecode.swift; path = StudentCell.swift; sourceTree = "<group>"; };
		D487501C2ACE1AC000B7A737 /* Students.swift */ = {isa = PBXFileReference; lastKnownFileType = sourcecode.swift; path = Students.swift; sourceTree = "<group>"; };
		D487501E2ACE1B4000B7A737 /* StudentsRepository.swift */ = {isa = PBXFileReference; lastKnownFileType = sourcecode.swift; path = StudentsRepository.swift; sourceTree = "<group>"; };
		D487502B2ACE215400B7A737 /* RecordingVC.swift */ = {isa = PBXFileReference; lastKnownFileType = sourcecode.swift; path = RecordingVC.swift; sourceTree = "<group>"; };
		D487502D2ACE215F00B7A737 /* DetailsVC.swift */ = {isa = PBXFileReference; lastKnownFileType = sourcecode.swift; path = DetailsVC.swift; sourceTree = "<group>"; };
		D487502F2ACE253B00B7A737 /* HomeVCViewModel.swift */ = {isa = PBXFileReference; lastKnownFileType = sourcecode.swift; path = HomeVCViewModel.swift; sourceTree = "<group>"; };
		D48750312ACE254B00B7A737 /* RecordingVCViewModel.swift */ = {isa = PBXFileReference; lastKnownFileType = sourcecode.swift; path = RecordingVCViewModel.swift; sourceTree = "<group>"; };
		D48750332ACE255800B7A737 /* DetailsVCViewModel.swift */ = {isa = PBXFileReference; lastKnownFileType = sourcecode.swift; path = DetailsVCViewModel.swift; sourceTree = "<group>"; };
		D48750362ACE2DEA00B7A737 /* libsqlite3.tbd */ = {isa = PBXFileReference; lastKnownFileType = "sourcecode.text-based-dylib-definition"; name = libsqlite3.tbd; path = usr/lib/libsqlite3.tbd; sourceTree = SDKROOT; };
		D48750372ACE315F00B7A737 /* TechCareer_7_Odev_OgrenciNotlari-Bridging-Header.h */ = {isa = PBXFileReference; lastKnownFileType = sourcecode.c.h; path = "TechCareer_7_Odev_OgrenciNotlari-Bridging-Header.h"; sourceTree = "<group>"; };
		D48750382ACE316000B7A737 /* FMDatabaseQueue.h */ = {isa = PBXFileReference; fileEncoding = 4; lastKnownFileType = sourcecode.c.h; path = FMDatabaseQueue.h; sourceTree = "<group>"; };
		D48750392ACE316000B7A737 /* FMDatabaseAdditions.h */ = {isa = PBXFileReference; fileEncoding = 4; lastKnownFileType = sourcecode.c.h; path = FMDatabaseAdditions.h; sourceTree = "<group>"; };
		D487503A2ACE316000B7A737 /* FMDatabaseAdditions.m */ = {isa = PBXFileReference; fileEncoding = 4; lastKnownFileType = sourcecode.c.objc; path = FMDatabaseAdditions.m; sourceTree = "<group>"; };
		D487503B2ACE316000B7A737 /* FMDatabaseQueue.m */ = {isa = PBXFileReference; fileEncoding = 4; lastKnownFileType = sourcecode.c.objc; path = FMDatabaseQueue.m; sourceTree = "<group>"; };
		D487503C2ACE316000B7A737 /* FMDatabase.h */ = {isa = PBXFileReference; fileEncoding = 4; lastKnownFileType = sourcecode.c.h; path = FMDatabase.h; sourceTree = "<group>"; };
		D487503D2ACE316000B7A737 /* FMDatabasePool.h */ = {isa = PBXFileReference; fileEncoding = 4; lastKnownFileType = sourcecode.c.h; path = FMDatabasePool.h; sourceTree = "<group>"; };
		D487503E2ACE316000B7A737 /* FMDatabasePool.m */ = {isa = PBXFileReference; fileEncoding = 4; lastKnownFileType = sourcecode.c.objc; path = FMDatabasePool.m; sourceTree = "<group>"; };
		D487503F2ACE316000B7A737 /* FMResultSet.h */ = {isa = PBXFileReference; fileEncoding = 4; lastKnownFileType = sourcecode.c.h; path = FMResultSet.h; sourceTree = "<group>"; };
		D48750402ACE316000B7A737 /* FMDB.h */ = {isa = PBXFileReference; fileEncoding = 4; lastKnownFileType = sourcecode.c.h; path = FMDB.h; sourceTree = "<group>"; };
		D48750412ACE316000B7A737 /* FMResultSet.m */ = {isa = PBXFileReference; fileEncoding = 4; lastKnownFileType = sourcecode.c.objc; path = FMResultSet.m; sourceTree = "<group>"; };
		D48750422ACE316000B7A737 /* FMDatabase.m */ = {isa = PBXFileReference; fileEncoding = 4; lastKnownFileType = sourcecode.c.objc; path = FMDatabase.m; sourceTree = "<group>"; };
		D48750482ACE31BC00B7A737 /* TechCareer_7_Odev.sqlite */ = {isa = PBXFileReference; lastKnownFileType = file; path = TechCareer_7_Odev.sqlite; sourceTree = "<group>"; };
		D487504E2ACED02F00B7A737 /* deneme3.sqlite */ = {isa = PBXFileReference; lastKnownFileType = file; path = deneme3.sqlite; sourceTree = "<group>"; };
/* End PBXFileReference section */

/* Begin PBXFrameworksBuildPhase section */
		D4874FF82ACE133700B7A737 /* Frameworks */ = {
			isa = PBXFrameworksBuildPhase;
			buildActionMask = 2147483647;
			files = (
				D487502A2ACE1B7A00B7A737 /* RxRelay in Frameworks */,
				D48750282ACE1B7A00B7A737 /* RxCocoa-Dynamic in Frameworks */,
				D48750262ACE1B7A00B7A737 /* RxCocoa in Frameworks */,
				D48750222ACE1B7A00B7A737 /* RxBlocking in Frameworks */,
				D48750242ACE1B7A00B7A737 /* RxBlocking-Dynamic in Frameworks */,
			);
			runOnlyForDeploymentPostprocessing = 0;
		};
/* End PBXFrameworksBuildPhase section */

/* Begin PBXGroup section */
		D4874FF22ACE133700B7A737 = {
			isa = PBXGroup;
			children = (
				D4874FFD2ACE133700B7A737 /* TechCareer_7_Odev_OgrenciNotlari */,
				D4874FFC2ACE133700B7A737 /* Products */,
				D48750352ACE2DE900B7A737 /* Frameworks */,
			);
			sourceTree = "<group>";
		};
		D4874FFC2ACE133700B7A737 /* Products */ = {
			isa = PBXGroup;
			children = (
				D4874FFB2ACE133700B7A737 /* TechCareer_7_Odev_OgrenciNotlari.app */,
			);
			name = Products;
			sourceTree = "<group>";
		};
		D4874FFD2ACE133700B7A737 /* TechCareer_7_Odev_OgrenciNotlari */ = {
			isa = PBXGroup;
			children = (
				D48750152ACE144900B7A737 /* Resources */,
				D48750142ACE144000B7A737 /* ViewModels */,
				D48750132ACE143300B7A737 /* Views */,
				D48750122ACE142B00B7A737 /* Data */,
				D48750042ACE133700B7A737 /* Main.storyboard */,
				D487500C2ACE133800B7A737 /* Info.plist */,
				D48750482ACE31BC00B7A737 /* TechCareer_7_Odev.sqlite */,
				D487504E2ACED02F00B7A737 /* deneme3.sqlite */,
				D487503C2ACE316000B7A737 /* FMDatabase.h */,
				D48750422ACE316000B7A737 /* FMDatabase.m */,
				D48750392ACE316000B7A737 /* FMDatabaseAdditions.h */,
				D487503A2ACE316000B7A737 /* FMDatabaseAdditions.m */,
				D487503D2ACE316000B7A737 /* FMDatabasePool.h */,
				D487503E2ACE316000B7A737 /* FMDatabasePool.m */,
				D48750382ACE316000B7A737 /* FMDatabaseQueue.h */,
				D487503B2ACE316000B7A737 /* FMDatabaseQueue.m */,
				D48750402ACE316000B7A737 /* FMDB.h */,
				D487503F2ACE316000B7A737 /* FMResultSet.h */,
				D48750412ACE316000B7A737 /* FMResultSet.m */,
				D48750372ACE315F00B7A737 /* TechCareer_7_Odev_OgrenciNotlari-Bridging-Header.h */,
			);
			path = TechCareer_7_Odev_OgrenciNotlari;
			sourceTree = "<group>";
		};
		D48750122ACE142B00B7A737 /* Data */ = {
			isa = PBXGroup;
			children = (
				D48750192ACE148800B7A737 /* Repo */,
				D48750182ACE148100B7A737 /* Entity */,
			);
			path = Data;
			sourceTree = "<group>";
		};
		D48750132ACE143300B7A737 /* Views */ = {
			isa = PBXGroup;
			children = (
				D48750162ACE146B00B7A737 /* ViewControllers */,
				D48750172ACE147500B7A737 /* Cells */,
			);
			path = Views;
			sourceTree = "<group>";
		};
		D48750142ACE144000B7A737 /* ViewModels */ = {
			isa = PBXGroup;
			children = (
				D487502F2ACE253B00B7A737 /* HomeVCViewModel.swift */,
				D48750312ACE254B00B7A737 /* RecordingVCViewModel.swift */,
				D48750332ACE255800B7A737 /* DetailsVCViewModel.swift */,
			);
			path = ViewModels;
			sourceTree = "<group>";
		};
		D48750152ACE144900B7A737 /* Resources */ = {
			isa = PBXGroup;
			children = (
				D4874FFE2ACE133700B7A737 /* AppDelegate.swift */,
				D48750002ACE133700B7A737 /* SceneDelegate.swift */,
				D48750072ACE133800B7A737 /* Assets.xcassets */,
				D48750092ACE133800B7A737 /* LaunchScreen.storyboard */,
			);
			path = Resources;
			sourceTree = "<group>";
		};
		D48750162ACE146B00B7A737 /* ViewControllers */ = {
			isa = PBXGroup;
			children = (
				D48750022ACE133700B7A737 /* HomeVC.swift */,
				D487502B2ACE215400B7A737 /* RecordingVC.swift */,
				D487502D2ACE215F00B7A737 /* DetailsVC.swift */,
			);
			path = ViewControllers;
			sourceTree = "<group>";
		};
		D48750172ACE147500B7A737 /* Cells */ = {
			isa = PBXGroup;
			children = (
				D487501A2ACE155E00B7A737 /* StudentCell.swift */,
			);
			path = Cells;
			sourceTree = "<group>";
		};
		D48750182ACE148100B7A737 /* Entity */ = {
			isa = PBXGroup;
			children = (
				D487501C2ACE1AC000B7A737 /* Students.swift */,
			);
			path = Entity;
			sourceTree = "<group>";
		};
		D48750192ACE148800B7A737 /* Repo */ = {
			isa = PBXGroup;
			children = (
				D487501E2ACE1B4000B7A737 /* StudentsRepository.swift */,
			);
			path = Repo;
			sourceTree = "<group>";
		};
		D48750352ACE2DE900B7A737 /* Frameworks */ = {
			isa = PBXGroup;
			children = (
				D48750362ACE2DEA00B7A737 /* libsqlite3.tbd */,
			);
			name = Frameworks;
			sourceTree = "<group>";
		};
/* End PBXGroup section */

/* Begin PBXNativeTarget section */
		D4874FFA2ACE133700B7A737 /* TechCareer_7_Odev_OgrenciNotlari */ = {
			isa = PBXNativeTarget;
			buildConfigurationList = D487500F2ACE133800B7A737 /* Build configuration list for PBXNativeTarget "TechCareer_7_Odev_OgrenciNotlari" */;
			buildPhases = (
				D4874FF72ACE133700B7A737 /* Sources */,
				D4874FF82ACE133700B7A737 /* Frameworks */,
				D4874FF92ACE133700B7A737 /* Resources */,
			);
			buildRules = (
			);
			dependencies = (
			);
			name = TechCareer_7_Odev_OgrenciNotlari;
			packageProductDependencies = (
				D48750212ACE1B7A00B7A737 /* RxBlocking */,
				D48750232ACE1B7A00B7A737 /* RxBlocking-Dynamic */,
				D48750252ACE1B7A00B7A737 /* RxCocoa */,
				D48750272ACE1B7A00B7A737 /* RxCocoa-Dynamic */,
				D48750292ACE1B7A00B7A737 /* RxRelay */,
			);
			productName = TechCareer_7_Odev_OgrenciNotlari;
			productReference = D4874FFB2ACE133700B7A737 /* TechCareer_7_Odev_OgrenciNotlari.app */;
			productType = "com.apple.product-type.application";
		};
/* End PBXNativeTarget section */

/* Begin PBXProject section */
		D4874FF32ACE133700B7A737 /* Project object */ = {
			isa = PBXProject;
			attributes = {
				BuildIndependentTargetsInParallel = 1;
				LastSwiftUpdateCheck = 1500;
				LastUpgradeCheck = 1500;
				TargetAttributes = {
					D4874FFA2ACE133700B7A737 = {
						CreatedOnToolsVersion = 15.0;
						LastSwiftMigration = 1500;
					};
				};
			};
			buildConfigurationList = D4874FF62ACE133700B7A737 /* Build configuration list for PBXProject "TechCareer_7_Odev_OgrenciNotlari" */;
			compatibilityVersion = "Xcode 14.0";
			developmentRegion = en;
			hasScannedForEncodings = 0;
			knownRegions = (
				en,
				Base,
			);
			mainGroup = D4874FF22ACE133700B7A737;
			packageReferences = (
				D48750202ACE1B7A00B7A737 /* XCRemoteSwiftPackageReference "RxSwift" */,
			);
			productRefGroup = D4874FFC2ACE133700B7A737 /* Products */;
			projectDirPath = "";
			projectRoot = "";
			targets = (
				D4874FFA2ACE133700B7A737 /* TechCareer_7_Odev_OgrenciNotlari */,
			);
		};
/* End PBXProject section */

/* Begin PBXResourcesBuildPhase section */
		D4874FF92ACE133700B7A737 /* Resources */ = {
			isa = PBXResourcesBuildPhase;
			buildActionMask = 2147483647;
			files = (
				D487500B2ACE133800B7A737 /* LaunchScreen.storyboard in Resources */,
				D48750492ACE31BC00B7A737 /* TechCareer_7_Odev.sqlite in Resources */,
				D487504F2ACED02F00B7A737 /* deneme3.sqlite in Resources */,
				D48750082ACE133800B7A737 /* Assets.xcassets in Resources */,
				D48750062ACE133700B7A737 /* Main.storyboard in Resources */,
			);
			runOnlyForDeploymentPostprocessing = 0;
		};
/* End PBXResourcesBuildPhase section */

/* Begin PBXSourcesBuildPhase section */
		D4874FF72ACE133700B7A737 /* Sources */ = {
			isa = PBXSourcesBuildPhase;
			buildActionMask = 2147483647;
			files = (
				D48750302ACE253B00B7A737 /* HomeVCViewModel.swift in Sources */,
				D48750342ACE255800B7A737 /* DetailsVCViewModel.swift in Sources */,
				D487502C2ACE215400B7A737 /* RecordingVC.swift in Sources */,
				D487502E2ACE215F00B7A737 /* DetailsVC.swift in Sources */,
				D48750442ACE316000B7A737 /* FMDatabaseQueue.m in Sources */,
				D48750322ACE254B00B7A737 /* RecordingVCViewModel.swift in Sources */,
				D48750032ACE133700B7A737 /* HomeVC.swift in Sources */,
				D4874FFF2ACE133700B7A737 /* AppDelegate.swift in Sources */,
				D487501D2ACE1AC000B7A737 /* Students.swift in Sources */,
				D48750462ACE316000B7A737 /* FMResultSet.m in Sources */,
				D48750012ACE133700B7A737 /* SceneDelegate.swift in Sources */,
				D487501B2ACE155E00B7A737 /* StudentCell.swift in Sources */,
				D48750452ACE316000B7A737 /* FMDatabasePool.m in Sources */,
				D487501F2ACE1B4000B7A737 /* StudentsRepository.swift in Sources */,
				D48750432ACE316000B7A737 /* FMDatabaseAdditions.m in Sources */,
				D48750472ACE316000B7A737 /* FMDatabase.m in Sources */,
			);
			runOnlyForDeploymentPostprocessing = 0;
		};
/* End PBXSourcesBuildPhase section */

/* Begin PBXVariantGroup section */
		D48750042ACE133700B7A737 /* Main.storyboard */ = {
			isa = PBXVariantGroup;
			children = (
				D48750052ACE133700B7A737 /* Base */,
			);
			name = Main.storyboard;
			sourceTree = "<group>";
		};
		D48750092ACE133800B7A737 /* LaunchScreen.storyboard */ = {
			isa = PBXVariantGroup;
			children = (
				D487500A2ACE133800B7A737 /* Base */,
			);
			name = LaunchScreen.storyboard;
			sourceTree = "<group>";
		};
/* End PBXVariantGroup section */

/* Begin XCBuildConfiguration section */
		D487500D2ACE133800B7A737 /* Debug */ = {
			isa = XCBuildConfiguration;
			buildSettings = {
				ALWAYS_SEARCH_USER_PATHS = NO;
				ASSETCATALOG_COMPILER_GENERATE_SWIFT_ASSET_SYMBOL_EXTENSIONS = YES;
				CLANG_ANALYZER_NONNULL = YES;
				CLANG_ANALYZER_NUMBER_OBJECT_CONVERSION = YES_AGGRESSIVE;
				CLANG_CXX_LANGUAGE_STANDARD = "gnu++20";
				CLANG_ENABLE_MODULES = YES;
				CLANG_ENABLE_OBJC_ARC = YES;
				CLANG_ENABLE_OBJC_WEAK = YES;
				CLANG_WARN_BLOCK_CAPTURE_AUTORELEASING = YES;
				CLANG_WARN_BOOL_CONVERSION = YES;
				CLANG_WARN_COMMA = YES;
				CLANG_WARN_CONSTANT_CONVERSION = YES;
				CLANG_WARN_DEPRECATED_OBJC_IMPLEMENTATIONS = YES;
				CLANG_WARN_DIRECT_OBJC_ISA_USAGE = YES_ERROR;
				CLANG_WARN_DOCUMENTATION_COMMENTS = YES;
				CLANG_WARN_EMPTY_BODY = YES;
				CLANG_WARN_ENUM_CONVERSION = YES;
				CLANG_WARN_INFINITE_RECURSION = YES;
				CLANG_WARN_INT_CONVERSION = YES;
				CLANG_WARN_NON_LITERAL_NULL_CONVERSION = YES;
				CLANG_WARN_OBJC_IMPLICIT_RETAIN_SELF = YES;
				CLANG_WARN_OBJC_LITERAL_CONVERSION = YES;
				CLANG_WARN_OBJC_ROOT_CLASS = YES_ERROR;
				CLANG_WARN_QUOTED_INCLUDE_IN_FRAMEWORK_HEADER = YES;
				CLANG_WARN_RANGE_LOOP_ANALYSIS = YES;
				CLANG_WARN_STRICT_PROTOTYPES = YES;
				CLANG_WARN_SUSPICIOUS_MOVE = YES;
				CLANG_WARN_UNGUARDED_AVAILABILITY = YES_AGGRESSIVE;
				CLANG_WARN_UNREACHABLE_CODE = YES;
				CLANG_WARN__DUPLICATE_METHOD_MATCH = YES;
				COPY_PHASE_STRIP = NO;
				DEBUG_INFORMATION_FORMAT = dwarf;
				ENABLE_STRICT_OBJC_MSGSEND = YES;
				ENABLE_TESTABILITY = YES;
				ENABLE_USER_SCRIPT_SANDBOXING = YES;
				GCC_C_LANGUAGE_STANDARD = gnu17;
				GCC_DYNAMIC_NO_PIC = NO;
				GCC_NO_COMMON_BLOCKS = YES;
				GCC_OPTIMIZATION_LEVEL = 0;
				GCC_PREPROCESSOR_DEFINITIONS = (
					"DEBUG=1",
					"$(inherited)",
				);
				GCC_WARN_64_TO_32_BIT_CONVERSION = YES;
				GCC_WARN_ABOUT_RETURN_TYPE = YES_ERROR;
				GCC_WARN_UNDECLARED_SELECTOR = YES;
				GCC_WARN_UNINITIALIZED_AUTOS = YES_AGGRESSIVE;
				GCC_WARN_UNUSED_FUNCTION = YES;
				GCC_WARN_UNUSED_VARIABLE = YES;
				IPHONEOS_DEPLOYMENT_TARGET = 17.0;
				LOCALIZATION_PREFERS_STRING_CATALOGS = YES;
				MTL_ENABLE_DEBUG_INFO = INCLUDE_SOURCE;
				MTL_FAST_MATH = YES;
				ONLY_ACTIVE_ARCH = YES;
				SDKROOT = iphoneos;
				SWIFT_ACTIVE_COMPILATION_CONDITIONS = "DEBUG $(inherited)";
				SWIFT_OPTIMIZATION_LEVEL = "-Onone";
			};
			name = Debug;
		};
		D487500E2ACE133800B7A737 /* Release */ = {
			isa = XCBuildConfiguration;
			buildSettings = {
				ALWAYS_SEARCH_USER_PATHS = NO;
				ASSETCATALOG_COMPILER_GENERATE_SWIFT_ASSET_SYMBOL_EXTENSIONS = YES;
				CLANG_ANALYZER_NONNULL = YES;
				CLANG_ANALYZER_NUMBER_OBJECT_CONVERSION = YES_AGGRESSIVE;
				CLANG_CXX_LANGUAGE_STANDARD = "gnu++20";
				CLANG_ENABLE_MODULES = YES;
				CLANG_ENABLE_OBJC_ARC = YES;
				CLANG_ENABLE_OBJC_WEAK = YES;
				CLANG_WARN_BLOCK_CAPTURE_AUTORELEASING = YES;
				CLANG_WARN_BOOL_CONVERSION = YES;
				CLANG_WARN_COMMA = YES;
				CLANG_WARN_CONSTANT_CONVERSION = YES;
				CLANG_WARN_DEPRECATED_OBJC_IMPLEMENTATIONS = YES;
				CLANG_WARN_DIRECT_OBJC_ISA_USAGE = YES_ERROR;
				CLANG_WARN_DOCUMENTATION_COMMENTS = YES;
				CLANG_WARN_EMPTY_BODY = YES;
				CLANG_WARN_ENUM_CONVERSION = YES;
				CLANG_WARN_INFINITE_RECURSION = YES;
				CLANG_WARN_INT_CONVERSION = YES;
				CLANG_WARN_NON_LITERAL_NULL_CONVERSION = YES;
				CLANG_WARN_OBJC_IMPLICIT_RETAIN_SELF = YES;
				CLANG_WARN_OBJC_LITERAL_CONVERSION = YES;
				CLANG_WARN_OBJC_ROOT_CLASS = YES_ERROR;
				CLANG_WARN_QUOTED_INCLUDE_IN_FRAMEWORK_HEADER = YES;
				CLANG_WARN_RANGE_LOOP_ANALYSIS = YES;
				CLANG_WARN_STRICT_PROTOTYPES = YES;
				CLANG_WARN_SUSPICIOUS_MOVE = YES;
				CLANG_WARN_UNGUARDED_AVAILABILITY = YES_AGGRESSIVE;
				CLANG_WARN_UNREACHABLE_CODE = YES;
				CLANG_WARN__DUPLICATE_METHOD_MATCH = YES;
				COPY_PHASE_STRIP = NO;
				DEBUG_INFORMATION_FORMAT = "dwarf-with-dsym";
				ENABLE_NS_ASSERTIONS = NO;
				ENABLE_STRICT_OBJC_MSGSEND = YES;
				ENABLE_USER_SCRIPT_SANDBOXING = YES;
				GCC_C_LANGUAGE_STANDARD = gnu17;
				GCC_NO_COMMON_BLOCKS = YES;
				GCC_WARN_64_TO_32_BIT_CONVERSION = YES;
				GCC_WARN_ABOUT_RETURN_TYPE = YES_ERROR;
				GCC_WARN_UNDECLARED_SELECTOR = YES;
				GCC_WARN_UNINITIALIZED_AUTOS = YES_AGGRESSIVE;
				GCC_WARN_UNUSED_FUNCTION = YES;
				GCC_WARN_UNUSED_VARIABLE = YES;
				IPHONEOS_DEPLOYMENT_TARGET = 17.0;
				LOCALIZATION_PREFERS_STRING_CATALOGS = YES;
				MTL_ENABLE_DEBUG_INFO = NO;
				MTL_FAST_MATH = YES;
				SDKROOT = iphoneos;
				SWIFT_COMPILATION_MODE = wholemodule;
				VALIDATE_PRODUCT = YES;
			};
			name = Release;
		};
		D48750102ACE133800B7A737 /* Debug */ = {
			isa = XCBuildConfiguration;
			buildSettings = {
				ASSETCATALOG_COMPILER_APPICON_NAME = AppIcon;
				ASSETCATALOG_COMPILER_GLOBAL_ACCENT_COLOR_NAME = AccentColor;
				CLANG_ENABLE_MODULES = YES;
				CODE_SIGN_STYLE = Automatic;
				CURRENT_PROJECT_VERSION = 1;
				DEVELOPMENT_TEAM = 373Z282HAT;
				GENERATE_INFOPLIST_FILE = YES;
				INFOPLIST_FILE = TechCareer_7_Odev_OgrenciNotlari/Info.plist;
				INFOPLIST_KEY_UIApplicationSupportsIndirectInputEvents = YES;
				INFOPLIST_KEY_UILaunchStoryboardName = LaunchScreen;
				INFOPLIST_KEY_UIMainStoryboardFile = Main;
				INFOPLIST_KEY_UISupportedInterfaceOrientations_iPad = "UIInterfaceOrientationPortrait UIInterfaceOrientationPortraitUpsideDown UIInterfaceOrientationLandscapeLeft UIInterfaceOrientationLandscapeRight";
				INFOPLIST_KEY_UISupportedInterfaceOrientations_iPhone = "UIInterfaceOrientationPortrait UIInterfaceOrientationLandscapeLeft UIInterfaceOrientationLandscapeRight";
				LD_RUNPATH_SEARCH_PATHS = (
					"$(inherited)",
					"@executable_path/Frameworks",
				);
				MARKETING_VERSION = 1.0;
				PRODUCT_BUNDLE_IDENTIFIER = "com.hakanbaran.TechCareer-7-Odev-OgrenciNotlari";
				PRODUCT_NAME = "$(TARGET_NAME)";
				SWIFT_EMIT_LOC_STRINGS = YES;
				SWIFT_OBJC_BRIDGING_HEADER = "TechCareer_7_Odev_OgrenciNotlari/TechCareer_7_Odev_OgrenciNotlari-Bridging-Header.h";
				SWIFT_OPTIMIZATION_LEVEL = "-Onone";
				SWIFT_VERSION = 5.0;
				TARGETED_DEVICE_FAMILY = "1,2";
			};
			name = Debug;
		};
		D48750112ACE133800B7A737 /* Release */ = {
			isa = XCBuildConfiguration;
			buildSettings = {
				ASSETCATALOG_COMPILER_APPICON_NAME = AppIcon;
				ASSETCATALOG_COMPILER_GLOBAL_ACCENT_COLOR_NAME = AccentColor;
				CLANG_ENABLE_MODULES = YES;
				CODE_SIGN_STYLE = Automatic;
				CURRENT_PROJECT_VERSION = 1;
				DEVELOPMENT_TEAM = 373Z282HAT;
				GENERATE_INFOPLIST_FILE = YES;
				INFOPLIST_FILE = TechCareer_7_Odev_OgrenciNotlari/Info.plist;
				INFOPLIST_KEY_UIApplicationSupportsIndirectInputEvents = YES;
				INFOPLIST_KEY_UILaunchStoryboardName = LaunchScreen;
				INFOPLIST_KEY_UIMainStoryboardFile = Main;
				INFOPLIST_KEY_UISupportedInterfaceOrientations_iPad = "UIInterfaceOrientationPortrait UIInterfaceOrientationPortraitUpsideDown UIInterfaceOrientationLandscapeLeft UIInterfaceOrientationLandscapeRight";
				INFOPLIST_KEY_UISupportedInterfaceOrientations_iPhone = "UIInterfaceOrientationPortrait UIInterfaceOrientationLandscapeLeft UIInterfaceOrientationLandscapeRight";
				LD_RUNPATH_SEARCH_PATHS = (
					"$(inherited)",
					"@executable_path/Frameworks",
				);
				MARKETING_VERSION = 1.0;
				PRODUCT_BUNDLE_IDENTIFIER = "com.hakanbaran.TechCareer-7-Odev-OgrenciNotlari";
				PRODUCT_NAME = "$(TARGET_NAME)";
				SWIFT_EMIT_LOC_STRINGS = YES;
				SWIFT_OBJC_BRIDGING_HEADER = "TechCareer_7_Odev_OgrenciNotlari/TechCareer_7_Odev_OgrenciNotlari-Bridging-Header.h";
				SWIFT_VERSION = 5.0;
				TARGETED_DEVICE_FAMILY = "1,2";
			};
			name = Release;
		};
/* End XCBuildConfiguration section */

/* Begin XCConfigurationList section */
		D4874FF62ACE133700B7A737 /* Build configuration list for PBXProject "TechCareer_7_Odev_OgrenciNotlari" */ = {
			isa = XCConfigurationList;
			buildConfigurations = (
				D487500D2ACE133800B7A737 /* Debug */,
				D487500E2ACE133800B7A737 /* Release */,
			);
			defaultConfigurationIsVisible = 0;
			defaultConfigurationName = Release;
		};
		D487500F2ACE133800B7A737 /* Build configuration list for PBXNativeTarget "TechCareer_7_Odev_OgrenciNotlari" */ = {
			isa = XCConfigurationList;
			buildConfigurations = (
				D48750102ACE133800B7A737 /* Debug */,
				D48750112ACE133800B7A737 /* Release */,
			);
			defaultConfigurationIsVisible = 0;
			defaultConfigurationName = Release;
		};
/* End XCConfigurationList section */

/* Begin XCRemoteSwiftPackageReference section */
		D48750202ACE1B7A00B7A737 /* XCRemoteSwiftPackageReference "RxSwift" */ = {
			isa = XCRemoteSwiftPackageReference;
			repositoryURL = "https://github.com/ReactiveX/RxSwift.git";
			requirement = {
				kind = upToNextMajorVersion;
				minimumVersion = 6.6.0;
			};
		};
/* End XCRemoteSwiftPackageReference section */

/* Begin XCSwiftPackageProductDependency section */
		D48750212ACE1B7A00B7A737 /* RxBlocking */ = {
			isa = XCSwiftPackageProductDependency;
			package = D48750202ACE1B7A00B7A737 /* XCRemoteSwiftPackageReference "RxSwift" */;
			productName = RxBlocking;
		};
		D48750232ACE1B7A00B7A737 /* RxBlocking-Dynamic */ = {
			isa = XCSwiftPackageProductDependency;
			package = D48750202ACE1B7A00B7A737 /* XCRemoteSwiftPackageReference "RxSwift" */;
			productName = "RxBlocking-Dynamic";
		};
		D48750252ACE1B7A00B7A737 /* RxCocoa */ = {
			isa = XCSwiftPackageProductDependency;
			package = D48750202ACE1B7A00B7A737 /* XCRemoteSwiftPackageReference "RxSwift" */;
			productName = RxCocoa;
		};
		D48750272ACE1B7A00B7A737 /* RxCocoa-Dynamic */ = {
			isa = XCSwiftPackageProductDependency;
			package = D48750202ACE1B7A00B7A737 /* XCRemoteSwiftPackageReference "RxSwift" */;
			productName = "RxCocoa-Dynamic";
		};
		D48750292ACE1B7A00B7A737 /* RxRelay */ = {
			isa = XCSwiftPackageProductDependency;
			package = D48750202ACE1B7A00B7A737 /* XCRemoteSwiftPackageReference "RxSwift" */;
			productName = RxRelay;
		};
/* End XCSwiftPackageProductDependency section */
	};
	rootObject = D4874FF32ACE133700B7A737 /* Project object */;
}
